// !$*UTF8*$!
{
	archiveVersion = 1;
	classes = {
	};
	objectVersion = 45;
	objects = {

/* Begin PBXAggregateTarget section */
		F2EFB28E10B48E0E0058EA02 /* Distribution */ = {
			isa = PBXAggregateTarget;
			buildConfigurationList = F2EFB29610B48E240058EA02 /* Build configuration list for PBXAggregateTarget "Distribution" */;
			buildPhases = (
				F2EFB28D10B48E0E0058EA02 /* ShellScript */,
			);
			dependencies = (
				F2EFB29210B48E160058EA02 /* PBXTargetDependency */,
			);
			name = Distribution;
			productName = Distribution;
		};
/* End PBXAggregateTarget section */

/* Begin PBXBuildFile section */
		1DDD58160DA1D0A300B32029 /* MainMenu.xib in Resources */ = {isa = PBXBuildFile; fileRef = 1DDD58140DA1D0A300B32029 /* MainMenu.xib */; };
		256AC3DA0F4B6AC300CF3369 /* SequenzAppDelegate.m in Sources */ = {isa = PBXBuildFile; fileRef = 256AC3D90F4B6AC300CF3369 /* SequenzAppDelegate.m */; };
		8D11072B0486CEB800E47090 /* InfoPlist.strings in Resources */ = {isa = PBXBuildFile; fileRef = 089C165CFE840E0CC02AAC07 /* InfoPlist.strings */; };
		8D11072D0486CEB800E47090 /* main.m in Sources */ = {isa = PBXBuildFile; fileRef = 29B97316FDCFA39411CA2CEA /* main.m */; settings = {ATTRIBUTES = (); }; };
		8D11072F0486CEB800E47090 /* Cocoa.framework in Frameworks */ = {isa = PBXBuildFile; fileRef = 1058C7A1FEA54F0111CA2CBB /* Cocoa.framework */; };
		F202D17C10AACD5F00905A04 /* URLFormatter.m in Sources */ = {isa = PBXBuildFile; fileRef = F202D17B10AACD5F00905A04 /* URLFormatter.m */; };
		F20F9AAC10BC46FF0019BEAC /* MiddleBarBorder.m in Sources */ = {isa = PBXBuildFile; fileRef = F20F9AAB10BC46FF0019BEAC /* MiddleBarBorder.m */; };
		F227522610BE85E9001A37B0 /* CameraSuspendedView.m in Sources */ = {isa = PBXBuildFile; fileRef = F227522510BE85E9001A37B0 /* CameraSuspendedView.m */; };
		F235BBCA10A2D247001B9C73 /* Prefs.xib in Resources */ = {isa = PBXBuildFile; fileRef = F235BBC810A2D247001B9C73 /* Prefs.xib */; };
		F235BBD610A2D3E8001B9C73 /* PrefsController.m in Sources */ = {isa = PBXBuildFile; fileRef = F235BBD510A2D3E8001B9C73 /* PrefsController.m */; };
		F24A59F910A096FC0096BC7B /* QuartzCore.framework in Frameworks */ = {isa = PBXBuildFile; fileRef = F24A59F810A096FC0096BC7B /* QuartzCore.framework */; };
		F260D3DF10B41D8B00E3F7B0 /* DisabledTextField.m in Sources */ = {isa = PBXBuildFile; fileRef = F260D3DE10B41D8B00E3F7B0 /* DisabledTextField.m */; };
		F2675BDA10C3155700F0E7D0 /* media-record.png in Resources */ = {isa = PBXBuildFile; fileRef = F2675BD910C3155700F0E7D0 /* media-record.png */; };
		F2675BDE10C3165900F0E7D0 /* media-record_sw.png in Resources */ = {isa = PBXBuildFile; fileRef = F2675BDD10C3165900F0E7D0 /* media-record_sw.png */; };
		F26EFB0010BAFD7F0066B042 /* ShadowBox.m in Sources */ = {isa = PBXBuildFile; fileRef = F26EFAFF10BAFD7F0066B042 /* ShadowBox.m */; };
		F276828710A8362300AD45C2 /* FTPController.m in Sources */ = {isa = PBXBuildFile; fileRef = F276828610A8362300AD45C2 /* FTPController.m */; };
		F29E005D10B97DD30048C14C /* SideBarPaneView.m in Sources */ = {isa = PBXBuildFile; fileRef = F29E005C10B97DD30048C14C /* SideBarPaneView.m */; };
		F2B8DE5510ADD1B8002C9AD5 /* Camera.m in Sources */ = {isa = PBXBuildFile; fileRef = F2B8DE5410ADD1B8002C9AD5 /* Camera.m */; };
		F2BC024610C56E2C00ABC5EA /* sequenz.icns in Resources */ = {isa = PBXBuildFile; fileRef = F2BC024510C56E2C00ABC5EA /* sequenz.icns */; };
		F2BC05BC10AB52E700C3C70B /* libcurl.dylib in Frameworks */ = {isa = PBXBuildFile; fileRef = F2BC05BB10AB52E700C3C70B /* libcurl.dylib */; };
		F2C63D9B10A4E455009AC351 /* QTKit.framework in Frameworks */ = {isa = PBXBuildFile; fileRef = F2C63D9A10A4E455009AC351 /* QTKit.framework */; };
		F2EFB27D10B48A5F0058EA02 /* dsa_pub.pem in Resources */ = {isa = PBXBuildFile; fileRef = F2EFB27C10B48A5F0058EA02 /* dsa_pub.pem */; };
		F2EFB2A210B493A60058EA02 /* Sparkle.framework in Frameworks */ = {isa = PBXBuildFile; fileRef = F2EFB2A110B493A60058EA02 /* Sparkle.framework */; };
		F2EFB2A510B493AC0058EA02 /* Sparkle.framework in CopyFiles */ = {isa = PBXBuildFile; fileRef = F2EFB2A110B493A60058EA02 /* Sparkle.framework */; };
		F2F0EC1A10C9359400564C02 /* SequenzHelp in Resources */ = {isa = PBXBuildFile; fileRef = F2F0EC0A10C9359400564C02 /* SequenzHelp */; };
/* End PBXBuildFile section */

/* Begin PBXContainerItemProxy section */
		F2EFB29110B48E160058EA02 /* PBXContainerItemProxy */ = {
			isa = PBXContainerItemProxy;
			containerPortal = 29B97313FDCFA39411CA2CEA /* Project object */;
			proxyType = 1;
			remoteGlobalIDString = 8D1107260486CEB800E47090;
			remoteInfo = Sequenz;
		};
/* End PBXContainerItemProxy section */

/* Begin PBXCopyFilesBuildPhase section */
		F23101E710B4828D00F714D4 /* CopyFiles */ = {
			isa = PBXCopyFilesBuildPhase;
			buildActionMask = 2147483647;
			dstPath = "";
			dstSubfolderSpec = 10;
			files = (
				F2EFB2A510B493AC0058EA02 /* Sparkle.framework in CopyFiles */,
			);
			runOnlyForDeploymentPostprocessing = 0;
		};
/* End PBXCopyFilesBuildPhase section */

/* Begin PBXFileReference section */
		089C165DFE840E0CC02AAC07 /* English */ = {isa = PBXFileReference; fileEncoding = 4; lastKnownFileType = text.plist.strings; name = English; path = English.lproj/InfoPlist.strings; sourceTree = "<group>"; };
		1058C7A1FEA54F0111CA2CBB /* Cocoa.framework */ = {isa = PBXFileReference; lastKnownFileType = wrapper.framework; name = Cocoa.framework; path = /System/Library/Frameworks/Cocoa.framework; sourceTree = "<absolute>"; };
		13E42FB307B3F0F600E4EEF1 /* CoreData.framework */ = {isa = PBXFileReference; lastKnownFileType = wrapper.framework; name = CoreData.framework; path = /System/Library/Frameworks/CoreData.framework; sourceTree = "<absolute>"; };
		1DDD58150DA1D0A300B32029 /* English */ = {isa = PBXFileReference; lastKnownFileType = file.xib; name = English; path = English.lproj/MainMenu.xib; sourceTree = "<group>"; };
		256AC3D80F4B6AC300CF3369 /* SequenzAppDelegate.h */ = {isa = PBXFileReference; fileEncoding = 4; lastKnownFileType = sourcecode.c.h; path = SequenzAppDelegate.h; sourceTree = "<group>"; };
		256AC3D90F4B6AC300CF3369 /* SequenzAppDelegate.m */ = {isa = PBXFileReference; fileEncoding = 4; lastKnownFileType = sourcecode.c.objc; path = SequenzAppDelegate.m; sourceTree = "<group>"; };
		256AC3F00F4B6AF500CF3369 /* Sequenz_Prefix.pch */ = {isa = PBXFileReference; fileEncoding = 4; lastKnownFileType = sourcecode.c.h; path = Sequenz_Prefix.pch; sourceTree = "<group>"; };
		29B97316FDCFA39411CA2CEA /* main.m */ = {isa = PBXFileReference; fileEncoding = 4; lastKnownFileType = sourcecode.c.objc; path = main.m; sourceTree = "<group>"; };
		29B97324FDCFA39411CA2CEA /* AppKit.framework */ = {isa = PBXFileReference; lastKnownFileType = wrapper.framework; name = AppKit.framework; path = /System/Library/Frameworks/AppKit.framework; sourceTree = "<absolute>"; };
		29B97325FDCFA39411CA2CEA /* Foundation.framework */ = {isa = PBXFileReference; lastKnownFileType = wrapper.framework; name = Foundation.framework; path = /System/Library/Frameworks/Foundation.framework; sourceTree = "<absolute>"; };
		8D1107310486CEB800E47090 /* Info.plist */ = {isa = PBXFileReference; fileEncoding = 4; lastKnownFileType = text.plist.xml; path = Info.plist; sourceTree = "<group>"; };
		8D1107320486CEB800E47090 /* Sequenz.app */ = {isa = PBXFileReference; explicitFileType = wrapper.application; includeInIndex = 0; path = Sequenz.app; sourceTree = BUILT_PRODUCTS_DIR; };
		F202D17A10AACD5F00905A04 /* URLFormatter.h */ = {isa = PBXFileReference; fileEncoding = 4; lastKnownFileType = sourcecode.c.h; path = URLFormatter.h; sourceTree = "<group>"; };
		F202D17B10AACD5F00905A04 /* URLFormatter.m */ = {isa = PBXFileReference; fileEncoding = 4; lastKnownFileType = sourcecode.c.objc; path = URLFormatter.m; sourceTree = "<group>"; };
		F20F9AAA10BC46FF0019BEAC /* MiddleBarBorder.h */ = {isa = PBXFileReference; fileEncoding = 4; lastKnownFileType = sourcecode.c.h; path = MiddleBarBorder.h; sourceTree = "<group>"; };
		F20F9AAB10BC46FF0019BEAC /* MiddleBarBorder.m */ = {isa = PBXFileReference; fileEncoding = 4; lastKnownFileType = sourcecode.c.objc; path = MiddleBarBorder.m; sourceTree = "<group>"; };
		F227522410BE85E9001A37B0 /* CameraSuspendedView.h */ = {isa = PBXFileReference; fileEncoding = 4; lastKnownFileType = sourcecode.c.h; path = CameraSuspendedView.h; sourceTree = "<group>"; };
		F227522510BE85E9001A37B0 /* CameraSuspendedView.m */ = {isa = PBXFileReference; fileEncoding = 4; lastKnownFileType = sourcecode.c.objc; path = CameraSuspendedView.m; sourceTree = "<group>"; };
		F235BBC910A2D247001B9C73 /* English */ = {isa = PBXFileReference; lastKnownFileType = file.xib; name = English; path = English.lproj/Prefs.xib; sourceTree = "<group>"; };
		F235BBD410A2D3E8001B9C73 /* PrefsController.h */ = {isa = PBXFileReference; fileEncoding = 4; lastKnownFileType = sourcecode.c.h; path = PrefsController.h; sourceTree = "<group>"; };
		F235BBD510A2D3E8001B9C73 /* PrefsController.m */ = {isa = PBXFileReference; fileEncoding = 4; lastKnownFileType = sourcecode.c.objc; path = PrefsController.m; sourceTree = "<group>"; };
		F24A59F810A096FC0096BC7B /* QuartzCore.framework */ = {isa = PBXFileReference; lastKnownFileType = wrapper.framework; name = QuartzCore.framework; path = /System/Library/Frameworks/QuartzCore.framework; sourceTree = "<absolute>"; };
		F260D3DD10B41D8B00E3F7B0 /* DisabledTextField.h */ = {isa = PBXFileReference; fileEncoding = 4; lastKnownFileType = sourcecode.c.h; path = DisabledTextField.h; sourceTree = "<group>"; };
		F260D3DE10B41D8B00E3F7B0 /* DisabledTextField.m */ = {isa = PBXFileReference; fileEncoding = 4; lastKnownFileType = sourcecode.c.objc; path = DisabledTextField.m; sourceTree = "<group>"; };
		F2675BD910C3155700F0E7D0 /* media-record.png */ = {isa = PBXFileReference; lastKnownFileType = image.png; path = "media-record.png"; sourceTree = "<group>"; };
		F2675BDD10C3165900F0E7D0 /* media-record_sw.png */ = {isa = PBXFileReference; lastKnownFileType = image.png; path = "media-record_sw.png"; sourceTree = "<group>"; };
		F26EFAFE10BAFD7F0066B042 /* ShadowBox.h */ = {isa = PBXFileReference; fileEncoding = 4; lastKnownFileType = sourcecode.c.h; path = ShadowBox.h; sourceTree = "<group>"; };
		F26EFAFF10BAFD7F0066B042 /* ShadowBox.m */ = {isa = PBXFileReference; fileEncoding = 4; lastKnownFileType = sourcecode.c.objc; path = ShadowBox.m; sourceTree = "<group>"; };
		F276828510A8362300AD45C2 /* FTPController.h */ = {isa = PBXFileReference; fileEncoding = 4; lastKnownFileType = sourcecode.c.h; path = FTPController.h; sourceTree = "<group>"; };
		F276828610A8362300AD45C2 /* FTPController.m */ = {isa = PBXFileReference; fileEncoding = 4; lastKnownFileType = sourcecode.c.objc; path = FTPController.m; sourceTree = "<group>"; };
		F29E005B10B97DD30048C14C /* SideBarPaneView.h */ = {isa = PBXFileReference; fileEncoding = 4; lastKnownFileType = sourcecode.c.h; path = SideBarPaneView.h; sourceTree = "<group>"; };
		F29E005C10B97DD30048C14C /* SideBarPaneView.m */ = {isa = PBXFileReference; fileEncoding = 4; lastKnownFileType = sourcecode.c.objc; path = SideBarPaneView.m; sourceTree = "<group>"; };
		F2B8DE5310ADD1B8002C9AD5 /* Camera.h */ = {isa = PBXFileReference; fileEncoding = 4; lastKnownFileType = sourcecode.c.h; path = Camera.h; sourceTree = "<group>"; };
		F2B8DE5410ADD1B8002C9AD5 /* Camera.m */ = {isa = PBXFileReference; fileEncoding = 4; lastKnownFileType = sourcecode.c.objc; path = Camera.m; sourceTree = "<group>"; };
		F2BC024510C56E2C00ABC5EA /* sequenz.icns */ = {isa = PBXFileReference; lastKnownFileType = image.icns; path = sequenz.icns; sourceTree = "<group>"; };
		F2BC05BB10AB52E700C3C70B /* libcurl.dylib */ = {isa = PBXFileReference; lastKnownFileType = "compiled.mach-o.dylib"; name = libcurl.dylib; path = /usr/lib/libcurl.dylib; sourceTree = "<absolute>"; };
		F2C63D9A10A4E455009AC351 /* QTKit.framework */ = {isa = PBXFileReference; lastKnownFileType = wrapper.framework; name = QTKit.framework; path = /System/Library/Frameworks/QTKit.framework; sourceTree = "<absolute>"; };
		F2EFB27C10B48A5F0058EA02 /* dsa_pub.pem */ = {isa = PBXFileReference; fileEncoding = 4; lastKnownFileType = text; path = dsa_pub.pem; sourceTree = "<group>"; };
		F2EFB2A110B493A60058EA02 /* Sparkle.framework */ = {isa = PBXFileReference; lastKnownFileType = wrapper.framework; path = Sparkle.framework; sourceTree = "<group>"; };
		F2F0EC0A10C9359400564C02 /* SequenzHelp */ = {isa = PBXFileReference; lastKnownFileType = folder; path = SequenzHelp; sourceTree = "<group>"; };
/* End PBXFileReference section */

/* Begin PBXFrameworksBuildPhase section */
		8D11072E0486CEB800E47090 /* Frameworks */ = {
			isa = PBXFrameworksBuildPhase;
			buildActionMask = 2147483647;
			files = (
				8D11072F0486CEB800E47090 /* Cocoa.framework in Frameworks */,
				F24A59F910A096FC0096BC7B /* QuartzCore.framework in Frameworks */,
				F2C63D9B10A4E455009AC351 /* QTKit.framework in Frameworks */,
				F2BC05BC10AB52E700C3C70B /* libcurl.dylib in Frameworks */,
				F2EFB2A210B493A60058EA02 /* Sparkle.framework in Frameworks */,
			);
			runOnlyForDeploymentPostprocessing = 0;
		};
/* End PBXFrameworksBuildPhase section */

/* Begin PBXGroup section */
		080E96DDFE201D6D7F000001 /* Classes */ = {
			isa = PBXGroup;
			children = (
				256AC3D80F4B6AC300CF3369 /* SequenzAppDelegate.h */,
				256AC3D90F4B6AC300CF3369 /* SequenzAppDelegate.m */,
				F235BBD410A2D3E8001B9C73 /* PrefsController.h */,
				F235BBD510A2D3E8001B9C73 /* PrefsController.m */,
				F276828510A8362300AD45C2 /* FTPController.h */,
				F276828610A8362300AD45C2 /* FTPController.m */,
				F202D17A10AACD5F00905A04 /* URLFormatter.h */,
				F202D17B10AACD5F00905A04 /* URLFormatter.m */,
				F2B8DE5310ADD1B8002C9AD5 /* Camera.h */,
				F2B8DE5410ADD1B8002C9AD5 /* Camera.m */,
				F260D3DD10B41D8B00E3F7B0 /* DisabledTextField.h */,
				F260D3DE10B41D8B00E3F7B0 /* DisabledTextField.m */,
				F29E005B10B97DD30048C14C /* SideBarPaneView.h */,
				F29E005C10B97DD30048C14C /* SideBarPaneView.m */,
				F26EFAFE10BAFD7F0066B042 /* ShadowBox.h */,
				F26EFAFF10BAFD7F0066B042 /* ShadowBox.m */,
				F20F9AAA10BC46FF0019BEAC /* MiddleBarBorder.h */,
				F20F9AAB10BC46FF0019BEAC /* MiddleBarBorder.m */,
				F227522410BE85E9001A37B0 /* CameraSuspendedView.h */,
				F227522510BE85E9001A37B0 /* CameraSuspendedView.m */,
			);
			name = Classes;
			sourceTree = "<group>";
		};
		1058C7A0FEA54F0111CA2CBB /* Linked Frameworks */ = {
			isa = PBXGroup;
			children = (
				F2EFB2A110B493A60058EA02 /* Sparkle.framework */,
				F24A59F810A096FC0096BC7B /* QuartzCore.framework */,
				1058C7A1FEA54F0111CA2CBB /* Cocoa.framework */,
				F2C63D9A10A4E455009AC351 /* QTKit.framework */,
				F2BC05BB10AB52E700C3C70B /* libcurl.dylib */,
			);
			name = "Linked Frameworks";
			sourceTree = "<group>";
		};
		1058C7A2FEA54F0111CA2CBB /* Other Frameworks */ = {
			isa = PBXGroup;
			children = (
				29B97324FDCFA39411CA2CEA /* AppKit.framework */,
				13E42FB307B3F0F600E4EEF1 /* CoreData.framework */,
				29B97325FDCFA39411CA2CEA /* Foundation.framework */,
			);
			name = "Other Frameworks";
			sourceTree = "<group>";
		};
		19C28FACFE9D520D11CA2CBB /* Products */ = {
			isa = PBXGroup;
			children = (
				8D1107320486CEB800E47090 /* Sequenz.app */,
			);
			name = Products;
			sourceTree = "<group>";
		};
		29B97314FDCFA39411CA2CEA /* Sequenz */ = {
			isa = PBXGroup;
			children = (
				080E96DDFE201D6D7F000001 /* Classes */,
				29B97315FDCFA39411CA2CEA /* Other Sources */,
				29B97317FDCFA39411CA2CEA /* Resources */,
				29B97323FDCFA39411CA2CEA /* Frameworks */,
				19C28FACFE9D520D11CA2CBB /* Products */,
			);
			name = Sequenz;
			sourceTree = "<group>";
		};
		29B97315FDCFA39411CA2CEA /* Other Sources */ = {
			isa = PBXGroup;
			children = (
				256AC3F00F4B6AF500CF3369 /* Sequenz_Prefix.pch */,
				29B97316FDCFA39411CA2CEA /* main.m */,
			);
			name = "Other Sources";
			sourceTree = "<group>";
		};
		29B97317FDCFA39411CA2CEA /* Resources */ = {
			isa = PBXGroup;
			children = (
				F2F0EC0A10C9359400564C02 /* SequenzHelp */,
				F2BC024510C56E2C00ABC5EA /* sequenz.icns */,
				F2675BDD10C3165900F0E7D0 /* media-record_sw.png */,
				F2675BD910C3155700F0E7D0 /* media-record.png */,
				F2EFB27C10B48A5F0058EA02 /* dsa_pub.pem */,
				F235BBC810A2D247001B9C73 /* Prefs.xib */,
				8D1107310486CEB800E47090 /* Info.plist */,
				089C165CFE840E0CC02AAC07 /* InfoPlist.strings */,
				1DDD58140DA1D0A300B32029 /* MainMenu.xib */,
			);
			name = Resources;
			sourceTree = "<group>";
		};
		29B97323FDCFA39411CA2CEA /* Frameworks */ = {
			isa = PBXGroup;
			children = (
				1058C7A0FEA54F0111CA2CBB /* Linked Frameworks */,
				1058C7A2FEA54F0111CA2CBB /* Other Frameworks */,
			);
			name = Frameworks;
			sourceTree = "<group>";
		};
/* End PBXGroup section */

/* Begin PBXNativeTarget section */
		8D1107260486CEB800E47090 /* Sequenz */ = {
			isa = PBXNativeTarget;
			buildConfigurationList = C01FCF4A08A954540054247B /* Build configuration list for PBXNativeTarget "Sequenz" */;
			buildPhases = (
				8D1107290486CEB800E47090 /* Resources */,
				8D11072C0486CEB800E47090 /* Sources */,
				8D11072E0486CEB800E47090 /* Frameworks */,
				F23101E710B4828D00F714D4 /* CopyFiles */,
			);
			buildRules = (
			);
			dependencies = (
			);
			name = Sequenz;
			productInstallPath = "$(HOME)/Applications";
			productName = Sequenz;
			productReference = 8D1107320486CEB800E47090 /* Sequenz.app */;
			productType = "com.apple.product-type.application";
		};
/* End PBXNativeTarget section */

/* Begin PBXProject section */
		29B97313FDCFA39411CA2CEA /* Project object */ = {
			isa = PBXProject;
			buildConfigurationList = C01FCF4E08A954540054247B /* Build configuration list for PBXProject "Sequenz" */;
			compatibilityVersion = "Xcode 3.1";
			hasScannedForEncodings = 1;
			mainGroup = 29B97314FDCFA39411CA2CEA /* Sequenz */;
			projectDirPath = "";
			projectRoot = "";
			targets = (
				8D1107260486CEB800E47090 /* Sequenz */,
				F2EFB28E10B48E0E0058EA02 /* Distribution */,
			);
		};
/* End PBXProject section */

/* Begin PBXResourcesBuildPhase section */
		8D1107290486CEB800E47090 /* Resources */ = {
			isa = PBXResourcesBuildPhase;
			buildActionMask = 2147483647;
			files = (
				8D11072B0486CEB800E47090 /* InfoPlist.strings in Resources */,
				1DDD58160DA1D0A300B32029 /* MainMenu.xib in Resources */,
				F235BBCA10A2D247001B9C73 /* Prefs.xib in Resources */,
				F2EFB27D10B48A5F0058EA02 /* dsa_pub.pem in Resources */,
				F2675BDA10C3155700F0E7D0 /* media-record.png in Resources */,
				F2675BDE10C3165900F0E7D0 /* media-record_sw.png in Resources */,
				F2BC024610C56E2C00ABC5EA /* sequenz.icns in Resources */,
				F2F0EC1A10C9359400564C02 /* SequenzHelp in Resources */,
			);
			runOnlyForDeploymentPostprocessing = 0;
		};
/* End PBXResourcesBuildPhase section */

/* Begin PBXShellScriptBuildPhase section */
		F2EFB28D10B48E0E0058EA02 /* ShellScript */ = {
			isa = PBXShellScriptBuildPhase;
			buildActionMask = 2147483647;
			files = (
			);
			inputPaths = (
			);
			outputPaths = (
			);
			runOnlyForDeploymentPostprocessing = 0;
			shellPath = /bin/bash;
			shellScript = "set -o errexit\n\n[ $BUILD_STYLE = Release ] || { echo Distribution target requires \"'Release'\" build style; false; }\n\nVERSION=$(defaults read \"$BUILT_PRODUCTS_DIR/$PROJECT_NAME.app/Contents/Info\" CFBundleVersion)\nSHORT_VERSION=$(defaults read \"$BUILT_PRODUCTS_DIR/$PROJECT_NAME.app/Contents/Info\" CFBundleShortVersionString)\nDOWNLOAD_BASE_URL=\"http://gwosdek.net/sequenz\"\nRELEASENOTES_URL=\"http://gwosdek.net/sequenz/appcast/rnotes.html#version-$SHORT_VERSION\"\n\nARCHIVE_FILENAME=\"$PROJECT_NAME $SHORT_VERSION.zip\"\nDOWNLOAD_URL=\"$DOWNLOAD_BASE_URL/$ARCHIVE_FILENAME\"\nKEYCHAIN_PRIVKEY_NAME=\"Sparkle Private Key (Sequenz)\"\n\nWD=$PWD\ncd \"$BUILT_PRODUCTS_DIR\"\nrm -f \"$PROJECT_NAME\"*.zip\nditto -ck --keepParent \"$PROJECT_NAME.app\" \"$ARCHIVE_FILENAME\"\n\nSIZE=$(stat -f %z \"$ARCHIVE_FILENAME\")\nPUBDATE=$(date +\"%a, %d %b %G %T %z\")\nSIGNATURE=$(\n\topenssl dgst -sha1 -binary < \"$ARCHIVE_FILENAME\" \\\n\t| openssl dgst -dss1 -sign <(security find-generic-password -g -s \"$KEYCHAIN_PRIVKEY_NAME\" 2>&1 1>/dev/null | perl -pe '($_) = /\"(.+)\"/; s/\\\\012/\\n/g' | perl -MXML::LibXML -e 'print XML::LibXML->new()->parse_file(\"-\")->findvalue(q(//string[preceding-sibling::key[1] = \"NOTE\"]))') \\\n\t| openssl enc -base64\n)\n\n[ $SIGNATURE ] || { echo Unable to load signing private key with name \"'$KEYCHAIN_PRIVKEY_NAME'\" from keychain; false; }\n\ncat <<EOF\n\t\t<item>\n\t\t\t<title>Version $SHORT_VERSION ($VERSION)</title>\n\t\t\t<sparkle:releaseNotesLink>$RELEASENOTES_URL</sparkle:releaseNotesLink>\n\t\t\t<pubDate>$PUBDATE</pubDate>\n\t\t\t<enclosure\n\t\t\t\turl=\"$DOWNLOAD_URL\"\n\t\t\t\tsparkle:version=\"$VERSION\"\n\t\t\t\tsparkle:shortVersionString=\"$SHORT_VERSION\"\n\t\t\t\ttype=\"application/octet-stream\"\n\t\t\t\tlength=\"$SIZE\"\n\t\t\t\tsparkle:dsaSignature=\"$SIGNATURE\"\n\t\t\t/>\n\t\t</item>\nEOF\n\n#echo scp \"'$HOME/svn/my-cool-app/build/Release/$ARCHIVE_FILENAME'\" www.example.com:download/\n#echo scp \"'$WD/appcast.xml'\" www.example.com:web/software/my-cool-app/appcast.xml";
		};
/* End PBXShellScriptBuildPhase section */

/* Begin PBXSourcesBuildPhase section */
		8D11072C0486CEB800E47090 /* Sources */ = {
			isa = PBXSourcesBuildPhase;
			buildActionMask = 2147483647;
			files = (
				8D11072D0486CEB800E47090 /* main.m in Sources */,
				256AC3DA0F4B6AC300CF3369 /* SequenzAppDelegate.m in Sources */,
				F235BBD610A2D3E8001B9C73 /* PrefsController.m in Sources */,
				F276828710A8362300AD45C2 /* FTPController.m in Sources */,
				F202D17C10AACD5F00905A04 /* URLFormatter.m in Sources */,
				F2B8DE5510ADD1B8002C9AD5 /* Camera.m in Sources */,
				F260D3DF10B41D8B00E3F7B0 /* DisabledTextField.m in Sources */,
				F29E005D10B97DD30048C14C /* SideBarPaneView.m in Sources */,
				F26EFB0010BAFD7F0066B042 /* ShadowBox.m in Sources */,
				F20F9AAC10BC46FF0019BEAC /* MiddleBarBorder.m in Sources */,
				F227522610BE85E9001A37B0 /* CameraSuspendedView.m in Sources */,
			);
			runOnlyForDeploymentPostprocessing = 0;
		};
/* End PBXSourcesBuildPhase section */

/* Begin PBXTargetDependency section */
		F2EFB29210B48E160058EA02 /* PBXTargetDependency */ = {
			isa = PBXTargetDependency;
			target = 8D1107260486CEB800E47090 /* Sequenz */;
			targetProxy = F2EFB29110B48E160058EA02 /* PBXContainerItemProxy */;
		};
/* End PBXTargetDependency section */

/* Begin PBXVariantGroup section */
		089C165CFE840E0CC02AAC07 /* InfoPlist.strings */ = {
			isa = PBXVariantGroup;
			children = (
				089C165DFE840E0CC02AAC07 /* English */,
			);
			name = InfoPlist.strings;
			sourceTree = "<group>";
		};
		1DDD58140DA1D0A300B32029 /* MainMenu.xib */ = {
			isa = PBXVariantGroup;
			children = (
				1DDD58150DA1D0A300B32029 /* English */,
			);
			name = MainMenu.xib;
			sourceTree = "<group>";
		};
		F235BBC810A2D247001B9C73 /* Prefs.xib */ = {
			isa = PBXVariantGroup;
			children = (
				F235BBC910A2D247001B9C73 /* English */,
			);
			name = Prefs.xib;
			sourceTree = "<group>";
		};
/* End PBXVariantGroup section */

/* Begin XCBuildConfiguration section */
		C01FCF4B08A954540054247B /* Debug */ = {
			isa = XCBuildConfiguration;
			buildSettings = {
				ALWAYS_SEARCH_USER_PATHS = NO;
				COPY_PHASE_STRIP = NO;
				CURRENT_PROJECT_VERSION = 14;
				FRAMEWORK_SEARCH_PATHS = (
					"$(inherited)",
					"\"$(SRCROOT)/../../../../../Downloads\"",
					"\"$(SRCROOT)\"",
				);
				GCC_DYNAMIC_NO_PIC = NO;
				GCC_ENABLE_FIX_AND_CONTINUE = YES;
				GCC_MODEL_TUNING = G5;
				GCC_OPTIMIZATION_LEVEL = 0;
				GCC_PRECOMPILE_PREFIX_HEADER = YES;
				GCC_PREFIX_HEADER = Sequenz_Prefix.pch;
				INFOPLIST_FILE = Info.plist;
				INSTALL_PATH = "$(HOME)/Applications";
				MACOSX_DEPLOYMENT_TARGET = 10.6;
				ONLY_ACTIVE_ARCH = YES;
				PRODUCT_NAME = Sequenz;
				SDKROOT = macosx10.6;
				VERSIONING_SYSTEM = "apple-generic";
			};
			name = Debug;
		};
		C01FCF4C08A954540054247B /* Release */ = {
			isa = XCBuildConfiguration;
			buildSettings = {
				ALWAYS_SEARCH_USER_PATHS = NO;
				CURRENT_PROJECT_VERSION = 14;
				DEBUG_INFORMATION_FORMAT = "dwarf-with-dsym";
				FRAMEWORK_SEARCH_PATHS = (
					"$(inherited)",
					"\"$(SRCROOT)/../../../../../Downloads\"",
					"\"$(SRCROOT)\"",
				);
				GCC_MODEL_TUNING = G5;
				GCC_PRECOMPILE_PREFIX_HEADER = YES;
				GCC_PREFIX_HEADER = Sequenz_Prefix.pch;
				GCC_PREPROCESSOR_DEFINITIONS = "NDEBUG=1";
				INFOPLIST_FILE = Info.plist;
				INSTALL_PATH = "$(HOME)/Applications";
				MACOSX_DEPLOYMENT_TARGET = 10.6;
				ONLY_ACTIVE_ARCH = NO;
				PRODUCT_NAME = Sequenz;
				SDKROOT = macosx10.6;
				VERSIONING_SYSTEM = "apple-generic";
			};
			name = Release;
		};
		C01FCF4F08A954540054247B /* Debug */ = {
			isa = XCBuildConfiguration;
			buildSettings = {
				ARCHS = "$(ARCHS_STANDARD_32_64_BIT)";
				GCC_C_LANGUAGE_STANDARD = gnu99;
				GCC_OPTIMIZATION_LEVEL = 0;
				GCC_WARN_ABOUT_RETURN_TYPE = YES;
				GCC_WARN_UNUSED_VARIABLE = YES;
				ONLY_ACTIVE_ARCH = YES;
				PREBINDING = NO;
				SDKROOT = macosx10.6;
			};
			name = Debug;
		};
		C01FCF5008A954540054247B /* Release */ = {
			isa = XCBuildConfiguration;
			buildSettings = {
				ARCHS = "$(ARCHS_STANDARD_32_64_BIT)";
				GCC_C_LANGUAGE_STANDARD = gnu99;
				GCC_WARN_ABOUT_RETURN_TYPE = YES;
				GCC_WARN_UNUSED_VARIABLE = YES;
				PREBINDING = NO;
				SDKROOT = macosx10.6;
			};
			name = Release;
		};
		F2EFB28F10B48E0E0058EA02 /* Debug */ = {
			isa = XCBuildConfiguration;
			buildSettings = {
				COPY_PHASE_STRIP = NO;
				GCC_DYNAMIC_NO_PIC = NO;
				GCC_OPTIMIZATION_LEVEL = 0;
				PRODUCT_NAME = Distribution;
			};
			name = Debug;
		};
		F2EFB29010B48E0E0058EA02 /* Release */ = {
			isa = XCBuildConfiguration;
			buildSettings = {
				COPY_PHASE_STRIP = YES;
				DEBUG_INFORMATION_FORMAT = "dwarf-with-dsym";
				GCC_ENABLE_FIX_AND_CONTINUE = NO;
				PRODUCT_NAME = Distribution;
				ZERO_LINK = NO;
			};
			name = Release;
		};
/* End XCBuildConfiguration section */

/* Begin XCConfigurationList section */
		C01FCF4A08A954540054247B /* Build configuration list for PBXNativeTarget "Sequenz" */ = {
			isa = XCConfigurationList;
			buildConfigurations = (
				C01FCF4B08A954540054247B /* Debug */,
				C01FCF4C08A954540054247B /* Release */,
			);
			defaultConfigurationIsVisible = 0;
			defaultConfigurationName = Release;
		};
		C01FCF4E08A954540054247B /* Build configuration list for PBXProject "Sequenz" */ = {
			isa = XCConfigurationList;
			buildConfigurations = (
				C01FCF4F08A954540054247B /* Debug */,
				C01FCF5008A954540054247B /* Release */,
			);
			defaultConfigurationIsVisible = 0;
			defaultConfigurationName = Release;
		};
		F2EFB29610B48E240058EA02 /* Build configuration list for PBXAggregateTarget "Distribution" */ = {
			isa = XCConfigurationList;
			buildConfigurations = (
				F2EFB28F10B48E0E0058EA02 /* Debug */,
				F2EFB29010B48E0E0058EA02 /* Release */,
			);
			defaultConfigurationIsVisible = 0;
			defaultConfigurationName = Release;
		};
/* End XCConfigurationList section */
	};
	rootObject = 29B97313FDCFA39411CA2CEA /* Project object */;
}
